
Microsoft Visual Studio Solution File, Format Version 12.00
# Visual Studio Version 17
VisualStudioVersion = 17.14.36518.9 d17.14
MinimumVisualStudioVersion = 10.0.40219.1
Project("{FAE04EC0-301F-11D3-BF4B-00C04F79EFBC}") = "Domain", "..\Domain\Domain.csproj", "{ED2ED146-ECCD-4CEC-AFBE-8D23CCBBA779}"
EndProject
Project("{FAE04EC0-301F-11D3-BF4B-00C04F79EFBC}") = "Infrastructure", "..\Infrastructure\Infrastructure.csproj", "{B2D66CC1-D1B2-4CD9-8445-2533C0B060C2}"
EndProject
Project("{FAE04EC0-301F-11D3-BF4B-00C04F79EFBC}") = "Application", "..\Application\Application.csproj", "{52E05157-21C8-4BD8-9DAD-B92BA0B22180}"
EndProject
Project("{FAE04EC0-301F-11D3-BF4B-00C04F79EFBC}") = "Presentation", "Presentation\Presentation.csproj", "{53127BF9-703E-491C-B054-344AB62E8F6E}"
EndProject
Global
	GlobalSection(SolutionConfigurationPlatforms) = preSolution
		Debug|Any CPU = Debug|Any CPU
		Release|Any CPU = Release|Any CPU
	EndGlobalSection
	GlobalSection(ProjectConfigurationPlatforms) = postSolution
		{ED2ED146-ECCD-4CEC-AFBE-8D23CCBBA779}.Debug|Any CPU.ActiveCfg = Debug|Any CPU
		{ED2ED146-ECCD-4CEC-AFBE-8D23CCBBA779}.Debug|Any CPU.Build.0 = Debug|Any CPU
		{ED2ED146-ECCD-4CEC-AFBE-8D23CCBBA779}.Release|Any CPU.ActiveCfg = Release|Any CPU
		{ED2ED146-ECCD-4CEC-AFBE-8D23CCBBA779}.Release|Any CPU.Build.0 = Release|Any CPU
		{B2D66CC1-D1B2-4CD9-8445-2533C0B060C2}.Debug|Any CPU.ActiveCfg = Debug|Any CPU
		{B2D66CC1-D1B2-4CD9-8445-2533C0B060C2}.Debug|Any CPU.Build.0 = Debug|Any CPU
		{B2D66CC1-D1B2-4CD9-8445-2533C0B060C2}.Release|Any CPU.ActiveCfg = Release|Any CPU
		{B2D66CC1-D1B2-4CD9-8445-2533C0B060C2}.Release|Any CPU.Build.0 = Release|Any CPU
		{52E05157-21C8-4BD8-9DAD-B92BA0B22180}.Debug|Any CPU.ActiveCfg = Debug|Any CPU
		{52E05157-21C8-4BD8-9DAD-B92BA0B22180}.Debug|Any CPU.Build.0 = Debug|Any CPU
		{52E05157-21C8-4BD8-9DAD-B92BA0B22180}.Release|Any CPU.ActiveCfg = Release|Any CPU
		{52E05157-21C8-4BD8-9DAD-B92BA0B22180}.Release|Any CPU.Build.0 = Release|Any CPU
		{53127BF9-703E-491C-B054-344AB62E8F6E}.Debug|Any CPU.ActiveCfg = Debug|Any CPU
		{53127BF9-703E-491C-B054-344AB62E8F6E}.Debug|Any CPU.Build.0 = Debug|Any CPU
		{53127BF9-703E-491C-B054-344AB62E8F6E}.Release|Any CPU.ActiveCfg = Release|Any CPU
		{53127BF9-703E-491C-B054-344AB62E8F6E}.Release|Any CPU.Build.0 = Release|Any CPU
	EndGlobalSection
	GlobalSection(SolutionProperties) = preSolution
		HideSolutionNode = FALSE
	EndGlobalSection
	GlobalSection(ExtensibilityGlobals) = postSolution
		SolutionGuid = {1F4718C4-E8BD-4787-AE48-4AB89C7F4EDA}
	EndGlobalSection
EndGlobal
